<?xml version="1.0" encoding="utf-8"?>
<Project ToolsVersion="4.0" xmlns="http://schemas.microsoft.com/developer/msbuild/2003">
  <ItemGroup>
    <Filter Include="Source Files">
      <UniqueIdentifier>{4FC737F1-C7A5-4376-A066-2A32D752A2FF}</UniqueIdentifier>
      <Extensions>cpp;c;cc;cxx;def;odl;idl;hpj;bat;asm;asmx</Extensions>
    </Filter>
    <Filter Include="Header Files">
      <UniqueIdentifier>{93995380-89BD-4b04-88EB-625FBE52EBFB}</UniqueIdentifier>
      <Extensions>h;hh;hpp;hxx;hm;inl;inc;xsd</Extensions>
    </Filter>
    <Filter Include="Resource Files">
      <UniqueIdentifier>{67DA6AB6-F800-4c08-8B7A-83BB121AAD01}</UniqueIdentifier>
      <Extensions>rc;ico;cur;bmp;dlg;rc2;rct;bin;rgs;gif;jpg;jpeg;jpe;resx;tiff;tif;png;wav;mfcribbon-ms</Extensions>
    </Filter>
    <Filter Include="SWIG">
      <UniqueIdentifier>{b75c16d7-282c-40a6-bc5e-2fe4d8c1ba42}</UniqueIdentifier>
    </Filter>
    <Filter Include="SWIG\Common">
      <UniqueIdentifier>{1410d9ec-68e6-468c-9704-1d305340068f}</UniqueIdentifier>
    </Filter>
    <Filter Include="SWIG\Device Detection">
      <UniqueIdentifier>{d53a6061-e171-4880-b4fa-f4631feb0e7f}</UniqueIdentifier>
    </Filter>
    <Filter Include="SWIG\Pattern">
      <UniqueIdentifier>{88496b9d-2c60-42ba-8b78-2dd90f9cdaba}</UniqueIdentifier>
    </Filter>
  </ItemGroup>
  <ItemGroup>
    <None Include="PreBuild.bat" />
    <None Include="..\device-detection-cxx\src\pattern\pattern.i" />
    <None Include="pattern_csharp.i" />
    <None Include="..\device-detection-cxx\src\common-cxx\CollectionConfig.i">
      <Filter>SWIG\Common</Filter>
    </None>
    <None Include="..\device-detection-cxx\src\common-cxx\ConfigBase.i">
      <Filter>SWIG\Common</Filter>
    </None>
    <None Include="..\device-detection-cxx\src\common-cxx\CsTypes.i">
      <Filter>SWIG\Common</Filter>
    </None>
    <None Include="..\device-detection-cxx\src\common-cxx\Date.i">
      <Filter>SWIG\Common</Filter>
    </None>
    <None Include="..\device-detection-cxx\src\common-cxx\EngineBase.i">
      <Filter>SWIG\Common</Filter>
    </None>
    <None Include="..\device-detection-cxx\src\common-cxx\EvidenceBase.i">
      <Filter>SWIG\Common</Filter>
    </None>
    <None Include="..\device-detection-cxx\src\common-cxx\Exceptions.i">
      <Filter>SWIG\Common</Filter>
    </None>
    <None Include="..\device-detection-cxx\src\common-cxx\PropertyMetaData.i">
      <Filter>SWIG\Common</Filter>
    </None>
    <None Include="..\device-detection-cxx\src\common-cxx\RequiredPropertiesConfig.i">
      <Filter>SWIG\Common</Filter>
    </None>
    <None Include="..\device-detection-cxx\src\common-cxx\ResultsBase.i">
      <Filter>SWIG\Common</Filter>
    </None>
    <None Include="..\device-detection-cxx\src\common-cxx\Types.i">
      <Filter>SWIG\Common</Filter>
    </None>
    <None Include="..\device-detection-cxx\src\ConfigDeviceDetection.i">
      <Filter>SWIG\Device Detection</Filter>
    </None>
    <None Include="..\device-detection-cxx\src\EngineDeviceDetection.i">
      <Filter>SWIG\Device Detection</Filter>
    </None>
    <None Include="..\device-detection-cxx\src\EvidenceDeviceDetection.i">
      <Filter>SWIG\Device Detection</Filter>
    </None>
    <None Include="..\device-detection-cxx\src\ResultsDeviceDetection.i">
      <Filter>SWIG\Device Detection</Filter>
    </None>
    <None Include="..\device-detection-cxx\src\pattern\ConfigPattern.i">
      <Filter>SWIG\Pattern</Filter>
    </None>
    <None Include="..\device-detection-cxx\src\pattern\EnginePattern.i">
      <Filter>SWIG\Pattern</Filter>
    </None>
    <None Include="..\device-detection-cxx\src\pattern\ResultsPattern.i">
      <Filter>SWIG\Pattern</Filter>
    </None>
    <None Include="..\device-detection-cxx\src\common-cxx\ComponentMetaData.i">
      <Filter>SWIG\Common</Filter>
    </None>
    <None Include="..\device-detection-cxx\src\common-cxx\ValueMetaData.i">
      <Filter>SWIG\Common</Filter>
    </None>
    <None Include="..\device-detection-cxx\src\common-cxx\ProfileMetaData.i">
      <Filter>SWIG\Common</Filter>
    </None>
    <None Include="..\device-detection-cxx\src\common-cxx\MapStringStringIterator.i" />
    <None Include="..\device-detection-cxx\src\common-cxx\Value.i">
      <Filter>SWIG\Common</Filter>
    </None>
    <None Include="..\device-detection-cxx\src\common-cxx\Collection.i">
      <Filter>SWIG\Common</Filter>
    </None>
    <None Include="..\device-detection-cxx\src\common-cxx\MetaData.i">
      <Filter>SWIG\Common</Filter>
    </None>
  </ItemGroup>
  <ItemGroup>
    <ClCompile Include="..\DeviceDetectionPatternEngineSwig_csharp.cpp">
      <Filter>Source Files</Filter>
    </ClCompile>
  </ItemGroup>
</Project>