
Microsoft Visual Studio Solution File, Format Version 12.00
# Visual Studio Version 17
VisualStudioVersion = 17.5.33424.131
MinimumVisualStudioVersion = 10.0.40219.1
Project("{9A19103F-16F7-4668-BE54-9A1E7A4F7556}") = "FiftyOne.DeviceDetection.Hash.Engine.OnPremise", "FiftyOne.DeviceDetection.Hash.Engine.OnPremise\FiftyOne.DeviceDetection.Hash.Engine.OnPremise.csproj", "{7B1D2221-1D2B-449B-9D97-BD35A3197CA9}"
EndProject
Project("{9A19103F-16F7-4668-BE54-9A1E7A4F7556}") = "FiftyOne.DeviceDetection.Cloud", "FiftyOne.DeviceDetection.Cloud\FiftyOne.DeviceDetection.Cloud.csproj", "{B085F69E-D9D9-43CD-83BF-DC881A9ED501}"
EndProject
Project("{2150E333-8FDC-42A3-9474-1A3956D46DE8}") = "Tests", "Tests", "{847A249D-9446-49EC-AC4A-FC04310D6179}"
EndProject
Project("{9A19103F-16F7-4668-BE54-9A1E7A4F7556}") = "FiftyOne.DeviceDetection", "FiftyOne.DeviceDetection\FiftyOne.DeviceDetection.csproj", "{8DC14C9A-E641-41A0-A637-7F413A29C2A9}"
EndProject
Project("{9A19103F-16F7-4668-BE54-9A1E7A4F7556}") = "FiftyOne.DeviceDetection.Tests.Core", "Tests\FiftyOne.DeviceDetection.Tests.Core\FiftyOne.DeviceDetection.Tests.Core.csproj", "{D3E76B20-B2C1-4F11-9456-3528656E646D}"
EndProject
Project("{9A19103F-16F7-4668-BE54-9A1E7A4F7556}") = "FiftyOne.DeviceDetection.Shared", "FiftyOne.DeviceDetection.Data\FiftyOne.DeviceDetection.Shared.csproj", "{BB852540-9036-4BCE-8626-BD8B1EA6B8D8}"
EndProject
Project("{9A19103F-16F7-4668-BE54-9A1E7A4F7556}") = "FiftyOne.DeviceDetection.Cloud.Tests", "Tests\FiftyOne.DeviceDetection.Cloud.Tests\FiftyOne.DeviceDetection.Cloud.Tests.csproj", "{BD8C5C66-F2C7-4E58-8460-C2E26D831A1A}"
EndProject
Project("{9A19103F-16F7-4668-BE54-9A1E7A4F7556}") = "FiftyOne.DeviceDetection.TestHelpers", "Tests\FiftyOne.DeviceDetection.TestHelpers\FiftyOne.DeviceDetection.TestHelpers.csproj", "{3D1CB337-4804-4133-8F68-06B955586251}"
EndProject
Project("{9A19103F-16F7-4668-BE54-9A1E7A4F7556}") = "performance-tests", "performance-tests\performance-tests.csproj", "{8760C35E-87D7-430E-AFFC-45B05486B4DA}"
EndProject
Project("{2150E333-8FDC-42A3-9474-1A3956D46DE8}") = "Solution Items", "Solution Items", "{CF273BF0-64BC-4775-9F18-FFBB1EB9C80A}"
	ProjectSection(SolutionItems) = preProject
		.editorconfig = .editorconfig
		README.md = README.md
	EndProjectSection
EndProject
Project("{2150E333-8FDC-42A3-9474-1A3956D46DE8}") = "Tools", "Tools", "{5E11D529-10B2-455D-81C6-88C91CED626D}"
EndProject
Project("{9A19103F-16F7-4668-BE54-9A1E7A4F7556}") = "GenerateConfig", "Tools\GenerateConfig\GenerateConfig.csproj", "{06221835-1C87-42A4-BC3A-5D351E71FED8}"
EndProject
Project("{FAE04EC0-301F-11D3-BF4B-00C04F79EFBC}") = "FiftyOne.DeviceDetection.Tests.Framework", "Tests\FiftyOne.DeviceDetection.Tests.Framework\FiftyOne.DeviceDetection.Tests.Framework.csproj", "{36F702AE-7EC4-4709-9DB4-4B7325034055}"
EndProject
Project("{9A19103F-16F7-4668-BE54-9A1E7A4F7556}") = "FiftyOne.DeviceDetection.Hash.Tests", "Tests\FiftyOne.DeviceDetection.Hash.Tests\FiftyOne.DeviceDetection.Hash.Tests.csproj", "{5FAA952B-DE6C-4900-898F-29FB09582183}"
EndProject
Global
	GlobalSection(SolutionConfigurationPlatforms) = preSolution
		Debug|Any CPU = Debug|Any CPU
		Debug|x64 = Debug|x64
		Debug|x86 = Debug|x86
		Release|Any CPU = Release|Any CPU
		Release|x64 = Release|x64
		Release|x86 = Release|x86
	EndGlobalSection
	GlobalSection(ProjectConfigurationPlatforms) = postSolution
		{7B1D2221-1D2B-449B-9D97-BD35A3197CA9}.Debug|Any CPU.ActiveCfg = Debug|x86
		{7B1D2221-1D2B-449B-9D97-BD35A3197CA9}.Debug|Any CPU.Build.0 = Debug|x86
		{7B1D2221-1D2B-449B-9D97-BD35A3197CA9}.Debug|x64.ActiveCfg = Debug|x64
		{7B1D2221-1D2B-449B-9D97-BD35A3197CA9}.Debug|x64.Build.0 = Debug|x64
		{7B1D2221-1D2B-449B-9D97-BD35A3197CA9}.Debug|x86.ActiveCfg = Debug|x86
		{7B1D2221-1D2B-449B-9D97-BD35A3197CA9}.Debug|x86.Build.0 = Debug|x86
		{7B1D2221-1D2B-449B-9D97-BD35A3197CA9}.Release|Any CPU.ActiveCfg = Release|x86
		{7B1D2221-1D2B-449B-9D97-BD35A3197CA9}.Release|Any CPU.Build.0 = Release|x86
		{7B1D2221-1D2B-449B-9D97-BD35A3197CA9}.Release|x64.ActiveCfg = Release|x64
		{7B1D2221-1D2B-449B-9D97-BD35A3197CA9}.Release|x64.Build.0 = Release|x64
		{7B1D2221-1D2B-449B-9D97-BD35A3197CA9}.Release|x86.ActiveCfg = Release|x86
		{7B1D2221-1D2B-449B-9D97-BD35A3197CA9}.Release|x86.Build.0 = Release|x86
		{B085F69E-D9D9-43CD-83BF-DC881A9ED501}.Debug|Any CPU.ActiveCfg = Debug|Any CPU
		{B085F69E-D9D9-43CD-83BF-DC881A9ED501}.Debug|Any CPU.Build.0 = Debug|Any CPU
		{B085F69E-D9D9-43CD-83BF-DC881A9ED501}.Debug|x64.ActiveCfg = Debug|x64
		{B085F69E-D9D9-43CD-83BF-DC881A9ED501}.Debug|x64.Build.0 = Debug|x64
		{B085F69E-D9D9-43CD-83BF-DC881A9ED501}.Debug|x86.ActiveCfg = Debug|x86
		{B085F69E-D9D9-43CD-83BF-DC881A9ED501}.Debug|x86.Build.0 = Debug|x86
		{B085F69E-D9D9-43CD-83BF-DC881A9ED501}.Release|Any CPU.ActiveCfg = Release|Any CPU
		{B085F69E-D9D9-43CD-83BF-DC881A9ED501}.Release|Any CPU.Build.0 = Release|Any CPU
		{B085F69E-D9D9-43CD-83BF-DC881A9ED501}.Release|x64.ActiveCfg = Release|x64
		{B085F69E-D9D9-43CD-83BF-DC881A9ED501}.Release|x64.Build.0 = Release|x64
		{B085F69E-D9D9-43CD-83BF-DC881A9ED501}.Release|x86.ActiveCfg = Release|x86
		{B085F69E-D9D9-43CD-83BF-DC881A9ED501}.Release|x86.Build.0 = Release|x86
		{8DC14C9A-E641-41A0-A637-7F413A29C2A9}.Debug|Any CPU.ActiveCfg = Debug|Any CPU
		{8DC14C9A-E641-41A0-A637-7F413A29C2A9}.Debug|Any CPU.Build.0 = Debug|Any CPU
		{8DC14C9A-E641-41A0-A637-7F413A29C2A9}.Debug|x64.ActiveCfg = Debug|x64
		{8DC14C9A-E641-41A0-A637-7F413A29C2A9}.Debug|x64.Build.0 = Debug|x64
		{8DC14C9A-E641-41A0-A637-7F413A29C2A9}.Debug|x86.ActiveCfg = Debug|x86
		{8DC14C9A-E641-41A0-A637-7F413A29C2A9}.Debug|x86.Build.0 = Debug|x86
		{8DC14C9A-E641-41A0-A637-7F413A29C2A9}.Release|Any CPU.ActiveCfg = Release|Any CPU
		{8DC14C9A-E641-41A0-A637-7F413A29C2A9}.Release|Any CPU.Build.0 = Release|Any CPU
		{8DC14C9A-E641-41A0-A637-7F413A29C2A9}.Release|x64.ActiveCfg = Release|x64
		{8DC14C9A-E641-41A0-A637-7F413A29C2A9}.Release|x64.Build.0 = Release|x64
		{8DC14C9A-E641-41A0-A637-7F413A29C2A9}.Release|x86.ActiveCfg = Release|x86
		{8DC14C9A-E641-41A0-A637-7F413A29C2A9}.Release|x86.Build.0 = Release|x86
		{D3E76B20-B2C1-4F11-9456-3528656E646D}.Debug|Any CPU.ActiveCfg = Debug|Any CPU
		{D3E76B20-B2C1-4F11-9456-3528656E646D}.Debug|Any CPU.Build.0 = Debug|Any CPU
		{D3E76B20-B2C1-4F11-9456-3528656E646D}.Debug|x64.ActiveCfg = Debug|x64
		{D3E76B20-B2C1-4F11-9456-3528656E646D}.Debug|x64.Build.0 = Debug|x64
		{D3E76B20-B2C1-4F11-9456-3528656E646D}.Debug|x86.ActiveCfg = Debug|x86
		{D3E76B20-B2C1-4F11-9456-3528656E646D}.Debug|x86.Build.0 = Debug|x86
		{D3E76B20-B2C1-4F11-9456-3528656E646D}.Release|Any CPU.ActiveCfg = Release|Any CPU
		{D3E76B20-B2C1-4F11-9456-3528656E646D}.Release|Any CPU.Build.0 = Release|Any CPU
		{D3E76B20-B2C1-4F11-9456-3528656E646D}.Release|x64.ActiveCfg = Release|x64
		{D3E76B20-B2C1-4F11-9456-3528656E646D}.Release|x64.Build.0 = Release|x64
		{D3E76B20-B2C1-4F11-9456-3528656E646D}.Release|x86.ActiveCfg = Release|x86
		{D3E76B20-B2C1-4F11-9456-3528656E646D}.Release|x86.Build.0 = Release|x86
		{BB852540-9036-4BCE-8626-BD8B1EA6B8D8}.Debug|Any CPU.ActiveCfg = Debug|Any CPU
		{BB852540-9036-4BCE-8626-BD8B1EA6B8D8}.Debug|Any CPU.Build.0 = Debug|Any CPU
		{BB852540-9036-4BCE-8626-BD8B1EA6B8D8}.Debug|x64.ActiveCfg = Debug|x64
		{BB852540-9036-4BCE-8626-BD8B1EA6B8D8}.Debug|x64.Build.0 = Debug|x64
		{BB852540-9036-4BCE-8626-BD8B1EA6B8D8}.Debug|x86.ActiveCfg = Debug|x86
		{BB852540-9036-4BCE-8626-BD8B1EA6B8D8}.Debug|x86.Build.0 = Debug|x86
		{BB852540-9036-4BCE-8626-BD8B1EA6B8D8}.Release|Any CPU.ActiveCfg = Release|Any CPU
		{BB852540-9036-4BCE-8626-BD8B1EA6B8D8}.Release|Any CPU.Build.0 = Release|Any CPU
		{BB852540-9036-4BCE-8626-BD8B1EA6B8D8}.Release|x64.ActiveCfg = Release|x64
		{BB852540-9036-4BCE-8626-BD8B1EA6B8D8}.Release|x64.Build.0 = Release|x64
		{BB852540-9036-4BCE-8626-BD8B1EA6B8D8}.Release|x86.ActiveCfg = Release|x86
		{BB852540-9036-4BCE-8626-BD8B1EA6B8D8}.Release|x86.Build.0 = Release|x86
		{BD8C5C66-F2C7-4E58-8460-C2E26D831A1A}.Debug|Any CPU.ActiveCfg = Debug|Any CPU
		{BD8C5C66-F2C7-4E58-8460-C2E26D831A1A}.Debug|Any CPU.Build.0 = Debug|Any CPU
		{BD8C5C66-F2C7-4E58-8460-C2E26D831A1A}.Debug|x64.ActiveCfg = Debug|x64
		{BD8C5C66-F2C7-4E58-8460-C2E26D831A1A}.Debug|x64.Build.0 = Debug|x64
		{BD8C5C66-F2C7-4E58-8460-C2E26D831A1A}.Debug|x86.ActiveCfg = Debug|x86
		{BD8C5C66-F2C7-4E58-8460-C2E26D831A1A}.Debug|x86.Build.0 = Debug|x86
		{BD8C5C66-F2C7-4E58-8460-C2E26D831A1A}.Release|Any CPU.ActiveCfg = Release|Any CPU
		{BD8C5C66-F2C7-4E58-8460-C2E26D831A1A}.Release|Any CPU.Build.0 = Release|Any CPU
		{BD8C5C66-F2C7-4E58-8460-C2E26D831A1A}.Release|x64.ActiveCfg = Release|x64
		{BD8C5C66-F2C7-4E58-8460-C2E26D831A1A}.Release|x64.Build.0 = Release|x64
		{BD8C5C66-F2C7-4E58-8460-C2E26D831A1A}.Release|x86.ActiveCfg = Release|x86
		{BD8C5C66-F2C7-4E58-8460-C2E26D831A1A}.Release|x86.Build.0 = Release|x86
		{3D1CB337-4804-4133-8F68-06B955586251}.Debug|Any CPU.ActiveCfg = Debug|Any CPU
		{3D1CB337-4804-4133-8F68-06B955586251}.Debug|Any CPU.Build.0 = Debug|Any CPU
		{3D1CB337-4804-4133-8F68-06B955586251}.Debug|x64.ActiveCfg = Debug|x64
		{3D1CB337-4804-4133-8F68-06B955586251}.Debug|x64.Build.0 = Debug|x64
		{3D1CB337-4804-4133-8F68-06B955586251}.Debug|x86.ActiveCfg = Debug|x86
		{3D1CB337-4804-4133-8F68-06B955586251}.Debug|x86.Build.0 = Debug|x86
		{3D1CB337-4804-4133-8F68-06B955586251}.Release|Any CPU.ActiveCfg = Release|Any CPU
		{3D1CB337-4804-4133-8F68-06B955586251}.Release|Any CPU.Build.0 = Release|Any CPU
		{3D1CB337-4804-4133-8F68-06B955586251}.Release|x64.ActiveCfg = Release|x64
		{3D1CB337-4804-4133-8F68-06B955586251}.Release|x64.Build.0 = Release|x64
		{3D1CB337-4804-4133-8F68-06B955586251}.Release|x86.ActiveCfg = Release|x86
		{3D1CB337-4804-4133-8F68-06B955586251}.Release|x86.Build.0 = Release|x86
		{8760C35E-87D7-430E-AFFC-45B05486B4DA}.Debug|Any CPU.ActiveCfg = Debug|Any CPU
		{8760C35E-87D7-430E-AFFC-45B05486B4DA}.Debug|Any CPU.Build.0 = Debug|Any CPU
		{8760C35E-87D7-430E-AFFC-45B05486B4DA}.Debug|x64.ActiveCfg = Debug|x64
		{8760C35E-87D7-430E-AFFC-45B05486B4DA}.Debug|x64.Build.0 = Debug|x64
		{8760C35E-87D7-430E-AFFC-45B05486B4DA}.Debug|x86.ActiveCfg = Debug|x86
		{8760C35E-87D7-430E-AFFC-45B05486B4DA}.Debug|x86.Build.0 = Debug|x86
		{8760C35E-87D7-430E-AFFC-45B05486B4DA}.Release|Any CPU.ActiveCfg = Release|Any CPU
		{8760C35E-87D7-430E-AFFC-45B05486B4DA}.Release|Any CPU.Build.0 = Release|Any CPU
		{8760C35E-87D7-430E-AFFC-45B05486B4DA}.Release|x64.ActiveCfg = Release|x64
		{8760C35E-87D7-430E-AFFC-45B05486B4DA}.Release|x64.Build.0 = Release|x64
		{8760C35E-87D7-430E-AFFC-45B05486B4DA}.Release|x86.ActiveCfg = Release|x86
		{8760C35E-87D7-430E-AFFC-45B05486B4DA}.Release|x86.Build.0 = Release|x86
		{06221835-1C87-42A4-BC3A-5D351E71FED8}.Debug|Any CPU.ActiveCfg = Debug|Any CPU
		{06221835-1C87-42A4-BC3A-5D351E71FED8}.Debug|Any CPU.Build.0 = Debug|Any CPU
		{06221835-1C87-42A4-BC3A-5D351E71FED8}.Debug|x64.ActiveCfg = Debug|x64
		{06221835-1C87-42A4-BC3A-5D351E71FED8}.Debug|x64.Build.0 = Debug|x64
		{06221835-1C87-42A4-BC3A-5D351E71FED8}.Debug|x86.ActiveCfg = Debug|x86
		{06221835-1C87-42A4-BC3A-5D351E71FED8}.Debug|x86.Build.0 = Debug|x86
		{06221835-1C87-42A4-BC3A-5D351E71FED8}.Release|Any CPU.ActiveCfg = Release|Any CPU
		{06221835-1C87-42A4-BC3A-5D351E71FED8}.Release|Any CPU.Build.0 = Release|Any CPU
		{06221835-1C87-42A4-BC3A-5D351E71FED8}.Release|x64.ActiveCfg = Release|x64
		{06221835-1C87-42A4-BC3A-5D351E71FED8}.Release|x64.Build.0 = Release|x64
		{06221835-1C87-42A4-BC3A-5D351E71FED8}.Release|x86.ActiveCfg = Release|x86
		{06221835-1C87-42A4-BC3A-5D351E71FED8}.Release|x86.Build.0 = Release|x86
		{36F702AE-7EC4-4709-9DB4-4B7325034055}.Debug|Any CPU.ActiveCfg = Debug|Any CPU
		{36F702AE-7EC4-4709-9DB4-4B7325034055}.Debug|Any CPU.Build.0 = Debug|Any CPU
		{36F702AE-7EC4-4709-9DB4-4B7325034055}.Debug|x64.ActiveCfg = Debug|x64
		{36F702AE-7EC4-4709-9DB4-4B7325034055}.Debug|x64.Build.0 = Debug|x64
		{36F702AE-7EC4-4709-9DB4-4B7325034055}.Debug|x86.ActiveCfg = Debug|x86
		{36F702AE-7EC4-4709-9DB4-4B7325034055}.Debug|x86.Build.0 = Debug|x86
		{36F702AE-7EC4-4709-9DB4-4B7325034055}.Release|Any CPU.ActiveCfg = Release|Any CPU
		{36F702AE-7EC4-4709-9DB4-4B7325034055}.Release|Any CPU.Build.0 = Release|Any CPU
		{36F702AE-7EC4-4709-9DB4-4B7325034055}.Release|x64.ActiveCfg = Release|x64
		{36F702AE-7EC4-4709-9DB4-4B7325034055}.Release|x64.Build.0 = Release|x64
		{36F702AE-7EC4-4709-9DB4-4B7325034055}.Release|x86.ActiveCfg = Release|x86
		{36F702AE-7EC4-4709-9DB4-4B7325034055}.Release|x86.Build.0 = Release|x86
		{5FAA952B-DE6C-4900-898F-29FB09582183}.Debug|Any CPU.ActiveCfg = Debug|x64
		{5FAA952B-DE6C-4900-898F-29FB09582183}.Debug|Any CPU.Build.0 = Debug|x64
		{5FAA952B-DE6C-4900-898F-29FB09582183}.Debug|x64.ActiveCfg = Debug|x64
		{5FAA952B-DE6C-4900-898F-29FB09582183}.Debug|x64.Build.0 = Debug|x64
		{5FAA952B-DE6C-4900-898F-29FB09582183}.Debug|x86.ActiveCfg = Debug|x86
		{5FAA952B-DE6C-4900-898F-29FB09582183}.Debug|x86.Build.0 = Debug|x86
		{5FAA952B-DE6C-4900-898F-29FB09582183}.Release|Any CPU.ActiveCfg = Release|x64
		{5FAA952B-DE6C-4900-898F-29FB09582183}.Release|Any CPU.Build.0 = Release|x64
		{5FAA952B-DE6C-4900-898F-29FB09582183}.Release|x64.ActiveCfg = Release|x64
		{5FAA952B-DE6C-4900-898F-29FB09582183}.Release|x64.Build.0 = Release|x64
		{5FAA952B-DE6C-4900-898F-29FB09582183}.Release|x86.ActiveCfg = Release|x86
		{5FAA952B-DE6C-4900-898F-29FB09582183}.Release|x86.Build.0 = Release|x86
	EndGlobalSection
	GlobalSection(SolutionProperties) = preSolution
		HideSolutionNode = FALSE
	EndGlobalSection
	GlobalSection(NestedProjects) = preSolution
		{D3E76B20-B2C1-4F11-9456-3528656E646D} = {847A249D-9446-49EC-AC4A-FC04310D6179}
		{BD8C5C66-F2C7-4E58-8460-C2E26D831A1A} = {847A249D-9446-49EC-AC4A-FC04310D6179}
		{3D1CB337-4804-4133-8F68-06B955586251} = {847A249D-9446-49EC-AC4A-FC04310D6179}
		{8760C35E-87D7-430E-AFFC-45B05486B4DA} = {847A249D-9446-49EC-AC4A-FC04310D6179}
		{06221835-1C87-42A4-BC3A-5D351E71FED8} = {5E11D529-10B2-455D-81C6-88C91CED626D}
		{36F702AE-7EC4-4709-9DB4-4B7325034055} = {847A249D-9446-49EC-AC4A-FC04310D6179}
		{5FAA952B-DE6C-4900-898F-29FB09582183} = {847A249D-9446-49EC-AC4A-FC04310D6179}
	EndGlobalSection
	GlobalSection(ExtensibilityGlobals) = postSolution
		SolutionGuid = {4AFC134C-E3FD-4BAB-84F6-4324070A413D}
	EndGlobalSection
EndGlobal
