
Microsoft Visual Studio Solution File, Format Version 12.00
# Visual Studio Version 17
VisualStudioVersion = 17.5.33424.131
MinimumVisualStudioVersion = 10.0.40219.1
Project("{2150E333-8FDC-42A3-9474-1A3956D46DE8}") = "Hash", "Hash", "{E25E834F-2A0B-4AE1-8CF1-C3776D78623A}"
EndProject
Project("{9A19103F-16F7-4668-BE54-9A1E7A4F7556}") = "FiftyOne.DeviceDetection.Hash.Engine.OnPremise", "FiftyOne.DeviceDetection\FiftyOne.DeviceDetection.Hash.Engine.OnPremise\FiftyOne.DeviceDetection.Hash.Engine.OnPremise.csproj", "{7B1D2221-1D2B-449B-9D97-BD35A3197CA9}"
EndProject
Project("{2150E333-8FDC-42A3-9474-1A3956D46DE8}") = "Cloud", "Cloud", "{DD64FD9B-AE2D-45F4-8D73-D2BCC8567A1D}"
EndProject
Project("{9A19103F-16F7-4668-BE54-9A1E7A4F7556}") = "FiftyOne.DeviceDetection.Cloud", "FiftyOne.DeviceDetection\FiftyOne.DeviceDetection.Cloud\FiftyOne.DeviceDetection.Cloud.csproj", "{B085F69E-D9D9-43CD-83BF-DC881A9ED501}"
EndProject
Project("{2150E333-8FDC-42A3-9474-1A3956D46DE8}") = "Tests", "Tests", "{847A249D-9446-49EC-AC4A-FC04310D6179}"
EndProject
Project("{2150E333-8FDC-42A3-9474-1A3956D46DE8}") = "Hash", "Hash", "{6F6F6622-3207-430F-BA6A-BF16C6CA4885}"
EndProject
Project("{9A19103F-16F7-4668-BE54-9A1E7A4F7556}") = "FiftyOne.DeviceDetection", "FiftyOne.DeviceDetection\FiftyOne.DeviceDetection\FiftyOne.DeviceDetection.csproj", "{8DC14C9A-E641-41A0-A637-7F413A29C2A9}"
EndProject
Project("{9A19103F-16F7-4668-BE54-9A1E7A4F7556}") = "FiftyOne.DeviceDetection.Tests.Core", "FiftyOne.DeviceDetection\Tests\FiftyOne.DeviceDetection.Tests.Core\FiftyOne.DeviceDetection.Tests.Core.csproj", "{D3E76B20-B2C1-4F11-9456-3528656E646D}"
EndProject
Project("{9A19103F-16F7-4668-BE54-9A1E7A4F7556}") = "FiftyOne.DeviceDetection.Shared", "FiftyOne.DeviceDetection\FiftyOne.DeviceDetection.Data\FiftyOne.DeviceDetection.Shared.csproj", "{BB852540-9036-4BCE-8626-BD8B1EA6B8D8}"
EndProject
Project("{9A19103F-16F7-4668-BE54-9A1E7A4F7556}") = "FiftyOne.DeviceDetection.Cloud.Tests", "FiftyOne.DeviceDetection\Tests\FiftyOne.DeviceDetection.Cloud.Tests\FiftyOne.DeviceDetection.Cloud.Tests.csproj", "{BD8C5C66-F2C7-4E58-8460-C2E26D831A1A}"
EndProject
Project("{9A19103F-16F7-4668-BE54-9A1E7A4F7556}") = "FiftyOne.DeviceDetection.TestHelpers", "FiftyOne.DeviceDetection\Tests\FiftyOne.DeviceDetection.TestHelpers\FiftyOne.DeviceDetection.TestHelpers.csproj", "{3D1CB337-4804-4133-8F68-06B955586251}"
EndProject
Project("{9A19103F-16F7-4668-BE54-9A1E7A4F7556}") = "FiftyOne.DeviceDetection.Hash.Tests", "FiftyOne.DeviceDetection\Tests\FiftyOne.DeviceDetection.Hash.Tests\FiftyOne.DeviceDetection.Hash.Tests.csproj", "{9B2BBB1B-6781-4A98-97E1-BA0C0E7CB9E5}"
EndProject
Project("{9A19103F-16F7-4668-BE54-9A1E7A4F7556}") = "performance-tests", "performance-tests\performance-tests.csproj", "{8760C35E-87D7-430E-AFFC-45B05486B4DA}"
EndProject
Project("{2150E333-8FDC-42A3-9474-1A3956D46DE8}") = "Solution Items", "Solution Items", "{CF273BF0-64BC-4775-9F18-FFBB1EB9C80A}"
	ProjectSection(SolutionItems) = preProject
		.editorconfig = .editorconfig
		README.md = README.md
	EndProjectSection
EndProject
Global
	GlobalSection(SolutionConfigurationPlatforms) = preSolution
		CoreDebug|Any CPU = CoreDebug|Any CPU
		CoreDebug|x64 = CoreDebug|x64
		CoreDebug|x86 = CoreDebug|x86
		CoreRelease|Any CPU = CoreRelease|Any CPU
		CoreRelease|x64 = CoreRelease|x64
		CoreRelease|x86 = CoreRelease|x86
		Debug|Any CPU = Debug|Any CPU
		Debug|x64 = Debug|x64
		Debug|x86 = Debug|x86
		Debug-MemoryOnly|Any CPU = Debug-MemoryOnly|Any CPU
		Debug-MemoryOnly|x64 = Debug-MemoryOnly|x64
		Debug-MemoryOnly|x86 = Debug-MemoryOnly|x86
		Debug-Single|Any CPU = Debug-Single|Any CPU
		Debug-Single|x64 = Debug-Single|x64
		Debug-Single|x86 = Debug-Single|x86
		Release|Any CPU = Release|Any CPU
		Release|x64 = Release|x64
		Release|x86 = Release|x86
		Release-MemoryOnly|Any CPU = Release-MemoryOnly|Any CPU
		Release-MemoryOnly|x64 = Release-MemoryOnly|x64
		Release-MemoryOnly|x86 = Release-MemoryOnly|x86
		Release-Single|Any CPU = Release-Single|Any CPU
		Release-Single|x64 = Release-Single|x64
		Release-Single|x86 = Release-Single|x86
	EndGlobalSection
	GlobalSection(ProjectConfigurationPlatforms) = postSolution
		{7B1D2221-1D2B-449B-9D97-BD35A3197CA9}.CoreDebug|Any CPU.ActiveCfg = CoreDebug|x86
		{7B1D2221-1D2B-449B-9D97-BD35A3197CA9}.CoreDebug|x64.ActiveCfg = CoreDebug|x64
		{7B1D2221-1D2B-449B-9D97-BD35A3197CA9}.CoreDebug|x64.Build.0 = CoreDebug|x64
		{7B1D2221-1D2B-449B-9D97-BD35A3197CA9}.CoreDebug|x86.ActiveCfg = CoreDebug|x86
		{7B1D2221-1D2B-449B-9D97-BD35A3197CA9}.CoreDebug|x86.Build.0 = CoreDebug|x86
		{7B1D2221-1D2B-449B-9D97-BD35A3197CA9}.CoreRelease|Any CPU.ActiveCfg = CoreRelease|x86
		{7B1D2221-1D2B-449B-9D97-BD35A3197CA9}.CoreRelease|x64.ActiveCfg = Debug|x64
		{7B1D2221-1D2B-449B-9D97-BD35A3197CA9}.CoreRelease|x64.Build.0 = Debug|x64
		{7B1D2221-1D2B-449B-9D97-BD35A3197CA9}.CoreRelease|x86.ActiveCfg = CoreRelease|x86
		{7B1D2221-1D2B-449B-9D97-BD35A3197CA9}.CoreRelease|x86.Build.0 = CoreRelease|x86
		{7B1D2221-1D2B-449B-9D97-BD35A3197CA9}.Debug|Any CPU.ActiveCfg = Debug|x86
		{7B1D2221-1D2B-449B-9D97-BD35A3197CA9}.Debug|x64.ActiveCfg = Debug|x64
		{7B1D2221-1D2B-449B-9D97-BD35A3197CA9}.Debug|x64.Build.0 = Debug|x64
		{7B1D2221-1D2B-449B-9D97-BD35A3197CA9}.Debug|x86.ActiveCfg = Debug|x86
		{7B1D2221-1D2B-449B-9D97-BD35A3197CA9}.Debug|x86.Build.0 = Debug|x86
		{7B1D2221-1D2B-449B-9D97-BD35A3197CA9}.Debug-MemoryOnly|Any CPU.ActiveCfg = Release|x86
		{7B1D2221-1D2B-449B-9D97-BD35A3197CA9}.Debug-MemoryOnly|Any CPU.Build.0 = Release|x86
		{7B1D2221-1D2B-449B-9D97-BD35A3197CA9}.Debug-MemoryOnly|x64.ActiveCfg = Debug|x64
		{7B1D2221-1D2B-449B-9D97-BD35A3197CA9}.Debug-MemoryOnly|x64.Build.0 = Debug|x64
		{7B1D2221-1D2B-449B-9D97-BD35A3197CA9}.Debug-MemoryOnly|x86.ActiveCfg = Debug|x86
		{7B1D2221-1D2B-449B-9D97-BD35A3197CA9}.Debug-MemoryOnly|x86.Build.0 = Debug|x86
		{7B1D2221-1D2B-449B-9D97-BD35A3197CA9}.Debug-Single|Any CPU.ActiveCfg = Release|x86
		{7B1D2221-1D2B-449B-9D97-BD35A3197CA9}.Debug-Single|Any CPU.Build.0 = Release|x86
		{7B1D2221-1D2B-449B-9D97-BD35A3197CA9}.Debug-Single|x64.ActiveCfg = Debug|x64
		{7B1D2221-1D2B-449B-9D97-BD35A3197CA9}.Debug-Single|x64.Build.0 = Debug|x64
		{7B1D2221-1D2B-449B-9D97-BD35A3197CA9}.Debug-Single|x86.ActiveCfg = Debug|x86
		{7B1D2221-1D2B-449B-9D97-BD35A3197CA9}.Debug-Single|x86.Build.0 = Debug|x86
		{7B1D2221-1D2B-449B-9D97-BD35A3197CA9}.Release|Any CPU.ActiveCfg = Release|x86
		{7B1D2221-1D2B-449B-9D97-BD35A3197CA9}.Release|x64.ActiveCfg = Release|x64
		{7B1D2221-1D2B-449B-9D97-BD35A3197CA9}.Release|x64.Build.0 = Release|x64
		{7B1D2221-1D2B-449B-9D97-BD35A3197CA9}.Release|x86.ActiveCfg = Release|x86
		{7B1D2221-1D2B-449B-9D97-BD35A3197CA9}.Release|x86.Build.0 = Release|x86
		{7B1D2221-1D2B-449B-9D97-BD35A3197CA9}.Release-MemoryOnly|Any CPU.ActiveCfg = Release|x86
		{7B1D2221-1D2B-449B-9D97-BD35A3197CA9}.Release-MemoryOnly|Any CPU.Build.0 = Release|x86
		{7B1D2221-1D2B-449B-9D97-BD35A3197CA9}.Release-MemoryOnly|x64.ActiveCfg = Release|x64
		{7B1D2221-1D2B-449B-9D97-BD35A3197CA9}.Release-MemoryOnly|x64.Build.0 = Release|x64
		{7B1D2221-1D2B-449B-9D97-BD35A3197CA9}.Release-MemoryOnly|x86.ActiveCfg = Release|x86
		{7B1D2221-1D2B-449B-9D97-BD35A3197CA9}.Release-MemoryOnly|x86.Build.0 = Release|x86
		{7B1D2221-1D2B-449B-9D97-BD35A3197CA9}.Release-Single|Any CPU.ActiveCfg = Release|x86
		{7B1D2221-1D2B-449B-9D97-BD35A3197CA9}.Release-Single|Any CPU.Build.0 = Release|x86
		{7B1D2221-1D2B-449B-9D97-BD35A3197CA9}.Release-Single|x64.ActiveCfg = Release|x64
		{7B1D2221-1D2B-449B-9D97-BD35A3197CA9}.Release-Single|x64.Build.0 = Release|x64
		{7B1D2221-1D2B-449B-9D97-BD35A3197CA9}.Release-Single|x86.ActiveCfg = Release|x86
		{7B1D2221-1D2B-449B-9D97-BD35A3197CA9}.Release-Single|x86.Build.0 = Release|x86
		{B085F69E-D9D9-43CD-83BF-DC881A9ED501}.CoreDebug|Any CPU.ActiveCfg = CoreDebug|Any CPU
		{B085F69E-D9D9-43CD-83BF-DC881A9ED501}.CoreDebug|Any CPU.Build.0 = CoreDebug|Any CPU
		{B085F69E-D9D9-43CD-83BF-DC881A9ED501}.CoreDebug|x64.ActiveCfg = CoreDebug|x64
		{B085F69E-D9D9-43CD-83BF-DC881A9ED501}.CoreDebug|x64.Build.0 = CoreDebug|x64
		{B085F69E-D9D9-43CD-83BF-DC881A9ED501}.CoreDebug|x86.ActiveCfg = CoreDebug|x86
		{B085F69E-D9D9-43CD-83BF-DC881A9ED501}.CoreDebug|x86.Build.0 = CoreDebug|x86
		{B085F69E-D9D9-43CD-83BF-DC881A9ED501}.CoreRelease|Any CPU.ActiveCfg = CoreRelease|Any CPU
		{B085F69E-D9D9-43CD-83BF-DC881A9ED501}.CoreRelease|Any CPU.Build.0 = CoreRelease|Any CPU
		{B085F69E-D9D9-43CD-83BF-DC881A9ED501}.CoreRelease|x64.ActiveCfg = Debug|x64
		{B085F69E-D9D9-43CD-83BF-DC881A9ED501}.CoreRelease|x64.Build.0 = Debug|x64
		{B085F69E-D9D9-43CD-83BF-DC881A9ED501}.CoreRelease|x86.ActiveCfg = CoreRelease|x86
		{B085F69E-D9D9-43CD-83BF-DC881A9ED501}.CoreRelease|x86.Build.0 = CoreRelease|x86
		{B085F69E-D9D9-43CD-83BF-DC881A9ED501}.Debug|Any CPU.ActiveCfg = Debug|Any CPU
		{B085F69E-D9D9-43CD-83BF-DC881A9ED501}.Debug|Any CPU.Build.0 = Debug|Any CPU
		{B085F69E-D9D9-43CD-83BF-DC881A9ED501}.Debug|x64.ActiveCfg = Debug|x64
		{B085F69E-D9D9-43CD-83BF-DC881A9ED501}.Debug|x64.Build.0 = Debug|x64
		{B085F69E-D9D9-43CD-83BF-DC881A9ED501}.Debug|x86.ActiveCfg = Debug|x86
		{B085F69E-D9D9-43CD-83BF-DC881A9ED501}.Debug|x86.Build.0 = Debug|x86
		{B085F69E-D9D9-43CD-83BF-DC881A9ED501}.Debug-MemoryOnly|Any CPU.ActiveCfg = Debug|Any CPU
		{B085F69E-D9D9-43CD-83BF-DC881A9ED501}.Debug-MemoryOnly|Any CPU.Build.0 = Debug|Any CPU
		{B085F69E-D9D9-43CD-83BF-DC881A9ED501}.Debug-MemoryOnly|x64.ActiveCfg = Debug|Any CPU
		{B085F69E-D9D9-43CD-83BF-DC881A9ED501}.Debug-MemoryOnly|x64.Build.0 = Debug|Any CPU
		{B085F69E-D9D9-43CD-83BF-DC881A9ED501}.Debug-MemoryOnly|x86.ActiveCfg = Debug|Any CPU
		{B085F69E-D9D9-43CD-83BF-DC881A9ED501}.Debug-MemoryOnly|x86.Build.0 = Debug|Any CPU
		{B085F69E-D9D9-43CD-83BF-DC881A9ED501}.Debug-Single|Any CPU.ActiveCfg = Debug|Any CPU
		{B085F69E-D9D9-43CD-83BF-DC881A9ED501}.Debug-Single|Any CPU.Build.0 = Debug|Any CPU
		{B085F69E-D9D9-43CD-83BF-DC881A9ED501}.Debug-Single|x64.ActiveCfg = Debug|Any CPU
		{B085F69E-D9D9-43CD-83BF-DC881A9ED501}.Debug-Single|x64.Build.0 = Debug|Any CPU
		{B085F69E-D9D9-43CD-83BF-DC881A9ED501}.Debug-Single|x86.ActiveCfg = Debug|Any CPU
		{B085F69E-D9D9-43CD-83BF-DC881A9ED501}.Debug-Single|x86.Build.0 = Debug|Any CPU
		{B085F69E-D9D9-43CD-83BF-DC881A9ED501}.Release|Any CPU.ActiveCfg = Release|Any CPU
		{B085F69E-D9D9-43CD-83BF-DC881A9ED501}.Release|Any CPU.Build.0 = Release|Any CPU
		{B085F69E-D9D9-43CD-83BF-DC881A9ED501}.Release|x64.ActiveCfg = Release|x64
		{B085F69E-D9D9-43CD-83BF-DC881A9ED501}.Release|x64.Build.0 = Release|x64
		{B085F69E-D9D9-43CD-83BF-DC881A9ED501}.Release|x86.ActiveCfg = Release|x86
		{B085F69E-D9D9-43CD-83BF-DC881A9ED501}.Release|x86.Build.0 = Release|x86
		{B085F69E-D9D9-43CD-83BF-DC881A9ED501}.Release-MemoryOnly|Any CPU.ActiveCfg = Release|Any CPU
		{B085F69E-D9D9-43CD-83BF-DC881A9ED501}.Release-MemoryOnly|Any CPU.Build.0 = Release|Any CPU
		{B085F69E-D9D9-43CD-83BF-DC881A9ED501}.Release-MemoryOnly|x64.ActiveCfg = Release|Any CPU
		{B085F69E-D9D9-43CD-83BF-DC881A9ED501}.Release-MemoryOnly|x64.Build.0 = Release|Any CPU
		{B085F69E-D9D9-43CD-83BF-DC881A9ED501}.Release-MemoryOnly|x86.ActiveCfg = Release|Any CPU
		{B085F69E-D9D9-43CD-83BF-DC881A9ED501}.Release-MemoryOnly|x86.Build.0 = Release|Any CPU
		{B085F69E-D9D9-43CD-83BF-DC881A9ED501}.Release-Single|Any CPU.ActiveCfg = Release|Any CPU
		{B085F69E-D9D9-43CD-83BF-DC881A9ED501}.Release-Single|Any CPU.Build.0 = Release|Any CPU
		{B085F69E-D9D9-43CD-83BF-DC881A9ED501}.Release-Single|x64.ActiveCfg = Release|Any CPU
		{B085F69E-D9D9-43CD-83BF-DC881A9ED501}.Release-Single|x64.Build.0 = Release|Any CPU
		{B085F69E-D9D9-43CD-83BF-DC881A9ED501}.Release-Single|x86.ActiveCfg = Release|Any CPU
		{B085F69E-D9D9-43CD-83BF-DC881A9ED501}.Release-Single|x86.Build.0 = Release|Any CPU
		{8DC14C9A-E641-41A0-A637-7F413A29C2A9}.CoreDebug|Any CPU.ActiveCfg = CoreDebug|Any CPU
		{8DC14C9A-E641-41A0-A637-7F413A29C2A9}.CoreDebug|Any CPU.Build.0 = CoreDebug|Any CPU
		{8DC14C9A-E641-41A0-A637-7F413A29C2A9}.CoreDebug|x64.ActiveCfg = CoreDebug|x64
		{8DC14C9A-E641-41A0-A637-7F413A29C2A9}.CoreDebug|x64.Build.0 = CoreDebug|x64
		{8DC14C9A-E641-41A0-A637-7F413A29C2A9}.CoreDebug|x86.ActiveCfg = CoreDebug|x86
		{8DC14C9A-E641-41A0-A637-7F413A29C2A9}.CoreDebug|x86.Build.0 = CoreDebug|x86
		{8DC14C9A-E641-41A0-A637-7F413A29C2A9}.CoreRelease|Any CPU.ActiveCfg = CoreRelease|Any CPU
		{8DC14C9A-E641-41A0-A637-7F413A29C2A9}.CoreRelease|Any CPU.Build.0 = CoreRelease|Any CPU
		{8DC14C9A-E641-41A0-A637-7F413A29C2A9}.CoreRelease|x64.ActiveCfg = Debug|x64
		{8DC14C9A-E641-41A0-A637-7F413A29C2A9}.CoreRelease|x64.Build.0 = Debug|x64
		{8DC14C9A-E641-41A0-A637-7F413A29C2A9}.CoreRelease|x86.ActiveCfg = CoreRelease|x86
		{8DC14C9A-E641-41A0-A637-7F413A29C2A9}.CoreRelease|x86.Build.0 = CoreRelease|x86
		{8DC14C9A-E641-41A0-A637-7F413A29C2A9}.Debug|Any CPU.ActiveCfg = Debug|Any CPU
		{8DC14C9A-E641-41A0-A637-7F413A29C2A9}.Debug|Any CPU.Build.0 = Debug|Any CPU
		{8DC14C9A-E641-41A0-A637-7F413A29C2A9}.Debug|x64.ActiveCfg = Debug|x64
		{8DC14C9A-E641-41A0-A637-7F413A29C2A9}.Debug|x64.Build.0 = Debug|x64
		{8DC14C9A-E641-41A0-A637-7F413A29C2A9}.Debug|x86.ActiveCfg = Debug|x86
		{8DC14C9A-E641-41A0-A637-7F413A29C2A9}.Debug|x86.Build.0 = Debug|x86
		{8DC14C9A-E641-41A0-A637-7F413A29C2A9}.Debug-MemoryOnly|Any CPU.ActiveCfg = Debug|Any CPU
		{8DC14C9A-E641-41A0-A637-7F413A29C2A9}.Debug-MemoryOnly|Any CPU.Build.0 = Debug|Any CPU
		{8DC14C9A-E641-41A0-A637-7F413A29C2A9}.Debug-MemoryOnly|x64.ActiveCfg = Debug|x64
		{8DC14C9A-E641-41A0-A637-7F413A29C2A9}.Debug-MemoryOnly|x64.Build.0 = Debug|x64
		{8DC14C9A-E641-41A0-A637-7F413A29C2A9}.Debug-MemoryOnly|x86.ActiveCfg = Debug|x86
		{8DC14C9A-E641-41A0-A637-7F413A29C2A9}.Debug-MemoryOnly|x86.Build.0 = Debug|x86
		{8DC14C9A-E641-41A0-A637-7F413A29C2A9}.Debug-Single|Any CPU.ActiveCfg = Debug|Any CPU
		{8DC14C9A-E641-41A0-A637-7F413A29C2A9}.Debug-Single|Any CPU.Build.0 = Debug|Any CPU
		{8DC14C9A-E641-41A0-A637-7F413A29C2A9}.Debug-Single|x64.ActiveCfg = Debug|x64
		{8DC14C9A-E641-41A0-A637-7F413A29C2A9}.Debug-Single|x64.Build.0 = Debug|x64
		{8DC14C9A-E641-41A0-A637-7F413A29C2A9}.Debug-Single|x86.ActiveCfg = Debug|x86
		{8DC14C9A-E641-41A0-A637-7F413A29C2A9}.Debug-Single|x86.Build.0 = Debug|x86
		{8DC14C9A-E641-41A0-A637-7F413A29C2A9}.Release|Any CPU.ActiveCfg = Release|Any CPU
		{8DC14C9A-E641-41A0-A637-7F413A29C2A9}.Release|Any CPU.Build.0 = Release|Any CPU
		{8DC14C9A-E641-41A0-A637-7F413A29C2A9}.Release|x64.ActiveCfg = Release|x64
		{8DC14C9A-E641-41A0-A637-7F413A29C2A9}.Release|x64.Build.0 = Release|x64
		{8DC14C9A-E641-41A0-A637-7F413A29C2A9}.Release|x86.ActiveCfg = Release|x86
		{8DC14C9A-E641-41A0-A637-7F413A29C2A9}.Release|x86.Build.0 = Release|x86
		{8DC14C9A-E641-41A0-A637-7F413A29C2A9}.Release-MemoryOnly|Any CPU.ActiveCfg = Release|Any CPU
		{8DC14C9A-E641-41A0-A637-7F413A29C2A9}.Release-MemoryOnly|Any CPU.Build.0 = Release|Any CPU
		{8DC14C9A-E641-41A0-A637-7F413A29C2A9}.Release-MemoryOnly|x64.ActiveCfg = Release|x64
		{8DC14C9A-E641-41A0-A637-7F413A29C2A9}.Release-MemoryOnly|x64.Build.0 = Release|x64
		{8DC14C9A-E641-41A0-A637-7F413A29C2A9}.Release-MemoryOnly|x86.ActiveCfg = Release|x86
		{8DC14C9A-E641-41A0-A637-7F413A29C2A9}.Release-MemoryOnly|x86.Build.0 = Release|x86
		{8DC14C9A-E641-41A0-A637-7F413A29C2A9}.Release-Single|Any CPU.ActiveCfg = Release|Any CPU
		{8DC14C9A-E641-41A0-A637-7F413A29C2A9}.Release-Single|Any CPU.Build.0 = Release|Any CPU
		{8DC14C9A-E641-41A0-A637-7F413A29C2A9}.Release-Single|x64.ActiveCfg = Release|x64
		{8DC14C9A-E641-41A0-A637-7F413A29C2A9}.Release-Single|x64.Build.0 = Release|x64
		{8DC14C9A-E641-41A0-A637-7F413A29C2A9}.Release-Single|x86.ActiveCfg = Release|x86
		{8DC14C9A-E641-41A0-A637-7F413A29C2A9}.Release-Single|x86.Build.0 = Release|x86
		{D3E76B20-B2C1-4F11-9456-3528656E646D}.CoreDebug|Any CPU.ActiveCfg = CoreDebug|Any CPU
		{D3E76B20-B2C1-4F11-9456-3528656E646D}.CoreDebug|Any CPU.Build.0 = CoreDebug|Any CPU
		{D3E76B20-B2C1-4F11-9456-3528656E646D}.CoreDebug|x64.ActiveCfg = CoreDebug|x64
		{D3E76B20-B2C1-4F11-9456-3528656E646D}.CoreDebug|x64.Build.0 = CoreDebug|x64
		{D3E76B20-B2C1-4F11-9456-3528656E646D}.CoreDebug|x86.ActiveCfg = CoreDebug|x86
		{D3E76B20-B2C1-4F11-9456-3528656E646D}.CoreDebug|x86.Build.0 = CoreDebug|x86
		{D3E76B20-B2C1-4F11-9456-3528656E646D}.CoreRelease|Any CPU.ActiveCfg = CoreRelease|Any CPU
		{D3E76B20-B2C1-4F11-9456-3528656E646D}.CoreRelease|Any CPU.Build.0 = CoreRelease|Any CPU
		{D3E76B20-B2C1-4F11-9456-3528656E646D}.CoreRelease|x64.ActiveCfg = Debug|x64
		{D3E76B20-B2C1-4F11-9456-3528656E646D}.CoreRelease|x64.Build.0 = Debug|x64
		{D3E76B20-B2C1-4F11-9456-3528656E646D}.CoreRelease|x86.ActiveCfg = CoreRelease|x86
		{D3E76B20-B2C1-4F11-9456-3528656E646D}.CoreRelease|x86.Build.0 = CoreRelease|x86
		{D3E76B20-B2C1-4F11-9456-3528656E646D}.Debug|Any CPU.ActiveCfg = Debug|Any CPU
		{D3E76B20-B2C1-4F11-9456-3528656E646D}.Debug|Any CPU.Build.0 = Debug|Any CPU
		{D3E76B20-B2C1-4F11-9456-3528656E646D}.Debug|x64.ActiveCfg = Debug|x64
		{D3E76B20-B2C1-4F11-9456-3528656E646D}.Debug|x64.Build.0 = Debug|x64
		{D3E76B20-B2C1-4F11-9456-3528656E646D}.Debug|x86.ActiveCfg = Debug|x86
		{D3E76B20-B2C1-4F11-9456-3528656E646D}.Debug|x86.Build.0 = Debug|x86
		{D3E76B20-B2C1-4F11-9456-3528656E646D}.Debug-MemoryOnly|Any CPU.ActiveCfg = Debug|Any CPU
		{D3E76B20-B2C1-4F11-9456-3528656E646D}.Debug-MemoryOnly|Any CPU.Build.0 = Debug|Any CPU
		{D3E76B20-B2C1-4F11-9456-3528656E646D}.Debug-MemoryOnly|x64.ActiveCfg = Debug|x64
		{D3E76B20-B2C1-4F11-9456-3528656E646D}.Debug-MemoryOnly|x64.Build.0 = Debug|x64
		{D3E76B20-B2C1-4F11-9456-3528656E646D}.Debug-MemoryOnly|x86.ActiveCfg = Debug|x86
		{D3E76B20-B2C1-4F11-9456-3528656E646D}.Debug-MemoryOnly|x86.Build.0 = Debug|x86
		{D3E76B20-B2C1-4F11-9456-3528656E646D}.Debug-Single|Any CPU.ActiveCfg = Debug|Any CPU
		{D3E76B20-B2C1-4F11-9456-3528656E646D}.Debug-Single|Any CPU.Build.0 = Debug|Any CPU
		{D3E76B20-B2C1-4F11-9456-3528656E646D}.Debug-Single|x64.ActiveCfg = Debug|x64
		{D3E76B20-B2C1-4F11-9456-3528656E646D}.Debug-Single|x64.Build.0 = Debug|x64
		{D3E76B20-B2C1-4F11-9456-3528656E646D}.Debug-Single|x86.ActiveCfg = Debug|x86
		{D3E76B20-B2C1-4F11-9456-3528656E646D}.Debug-Single|x86.Build.0 = Debug|x86
		{D3E76B20-B2C1-4F11-9456-3528656E646D}.Release|Any CPU.ActiveCfg = Release|Any CPU
		{D3E76B20-B2C1-4F11-9456-3528656E646D}.Release|Any CPU.Build.0 = Release|Any CPU
		{D3E76B20-B2C1-4F11-9456-3528656E646D}.Release|x64.ActiveCfg = Release|x64
		{D3E76B20-B2C1-4F11-9456-3528656E646D}.Release|x64.Build.0 = Release|x64
		{D3E76B20-B2C1-4F11-9456-3528656E646D}.Release|x86.ActiveCfg = Release|x86
		{D3E76B20-B2C1-4F11-9456-3528656E646D}.Release|x86.Build.0 = Release|x86
		{D3E76B20-B2C1-4F11-9456-3528656E646D}.Release-MemoryOnly|Any CPU.ActiveCfg = Release|Any CPU
		{D3E76B20-B2C1-4F11-9456-3528656E646D}.Release-MemoryOnly|Any CPU.Build.0 = Release|Any CPU
		{D3E76B20-B2C1-4F11-9456-3528656E646D}.Release-MemoryOnly|x64.ActiveCfg = Release|x64
		{D3E76B20-B2C1-4F11-9456-3528656E646D}.Release-MemoryOnly|x64.Build.0 = Release|x64
		{D3E76B20-B2C1-4F11-9456-3528656E646D}.Release-MemoryOnly|x86.ActiveCfg = Release|x86
		{D3E76B20-B2C1-4F11-9456-3528656E646D}.Release-MemoryOnly|x86.Build.0 = Release|x86
		{D3E76B20-B2C1-4F11-9456-3528656E646D}.Release-Single|Any CPU.ActiveCfg = Release|Any CPU
		{D3E76B20-B2C1-4F11-9456-3528656E646D}.Release-Single|Any CPU.Build.0 = Release|Any CPU
		{D3E76B20-B2C1-4F11-9456-3528656E646D}.Release-Single|x64.ActiveCfg = Release|x64
		{D3E76B20-B2C1-4F11-9456-3528656E646D}.Release-Single|x64.Build.0 = Release|x64
		{D3E76B20-B2C1-4F11-9456-3528656E646D}.Release-Single|x86.ActiveCfg = Release|x86
		{D3E76B20-B2C1-4F11-9456-3528656E646D}.Release-Single|x86.Build.0 = Release|x86
		{BB852540-9036-4BCE-8626-BD8B1EA6B8D8}.CoreDebug|Any CPU.ActiveCfg = CoreDebug|Any CPU
		{BB852540-9036-4BCE-8626-BD8B1EA6B8D8}.CoreDebug|Any CPU.Build.0 = CoreDebug|Any CPU
		{BB852540-9036-4BCE-8626-BD8B1EA6B8D8}.CoreDebug|x64.ActiveCfg = CoreDebug|x64
		{BB852540-9036-4BCE-8626-BD8B1EA6B8D8}.CoreDebug|x64.Build.0 = CoreDebug|x64
		{BB852540-9036-4BCE-8626-BD8B1EA6B8D8}.CoreDebug|x86.ActiveCfg = CoreDebug|Any CPU
		{BB852540-9036-4BCE-8626-BD8B1EA6B8D8}.CoreDebug|x86.Build.0 = CoreDebug|Any CPU
		{BB852540-9036-4BCE-8626-BD8B1EA6B8D8}.CoreRelease|Any CPU.ActiveCfg = CoreRelease|Any CPU
		{BB852540-9036-4BCE-8626-BD8B1EA6B8D8}.CoreRelease|Any CPU.Build.0 = CoreRelease|Any CPU
		{BB852540-9036-4BCE-8626-BD8B1EA6B8D8}.CoreRelease|x64.ActiveCfg = Debug|x64
		{BB852540-9036-4BCE-8626-BD8B1EA6B8D8}.CoreRelease|x64.Build.0 = Debug|x64
		{BB852540-9036-4BCE-8626-BD8B1EA6B8D8}.CoreRelease|x86.ActiveCfg = CoreRelease|Any CPU
		{BB852540-9036-4BCE-8626-BD8B1EA6B8D8}.CoreRelease|x86.Build.0 = CoreRelease|Any CPU
		{BB852540-9036-4BCE-8626-BD8B1EA6B8D8}.Debug|Any CPU.ActiveCfg = Debug|Any CPU
		{BB852540-9036-4BCE-8626-BD8B1EA6B8D8}.Debug|Any CPU.Build.0 = Debug|Any CPU
		{BB852540-9036-4BCE-8626-BD8B1EA6B8D8}.Debug|x64.ActiveCfg = Debug|Any CPU
		{BB852540-9036-4BCE-8626-BD8B1EA6B8D8}.Debug|x64.Build.0 = Debug|Any CPU
		{BB852540-9036-4BCE-8626-BD8B1EA6B8D8}.Debug|x86.ActiveCfg = Debug|x86
		{BB852540-9036-4BCE-8626-BD8B1EA6B8D8}.Debug|x86.Build.0 = Debug|x86
		{BB852540-9036-4BCE-8626-BD8B1EA6B8D8}.Debug-MemoryOnly|Any CPU.ActiveCfg = Debug|Any CPU
		{BB852540-9036-4BCE-8626-BD8B1EA6B8D8}.Debug-MemoryOnly|Any CPU.Build.0 = Debug|Any CPU
		{BB852540-9036-4BCE-8626-BD8B1EA6B8D8}.Debug-MemoryOnly|x64.ActiveCfg = Debug|Any CPU
		{BB852540-9036-4BCE-8626-BD8B1EA6B8D8}.Debug-MemoryOnly|x64.Build.0 = Debug|Any CPU
		{BB852540-9036-4BCE-8626-BD8B1EA6B8D8}.Debug-MemoryOnly|x86.ActiveCfg = Debug|Any CPU
		{BB852540-9036-4BCE-8626-BD8B1EA6B8D8}.Debug-MemoryOnly|x86.Build.0 = Debug|Any CPU
		{BB852540-9036-4BCE-8626-BD8B1EA6B8D8}.Debug-Single|Any CPU.ActiveCfg = Debug|Any CPU
		{BB852540-9036-4BCE-8626-BD8B1EA6B8D8}.Debug-Single|Any CPU.Build.0 = Debug|Any CPU
		{BB852540-9036-4BCE-8626-BD8B1EA6B8D8}.Debug-Single|x64.ActiveCfg = Debug|Any CPU
		{BB852540-9036-4BCE-8626-BD8B1EA6B8D8}.Debug-Single|x64.Build.0 = Debug|Any CPU
		{BB852540-9036-4BCE-8626-BD8B1EA6B8D8}.Debug-Single|x86.ActiveCfg = Debug|Any CPU
		{BB852540-9036-4BCE-8626-BD8B1EA6B8D8}.Debug-Single|x86.Build.0 = Debug|Any CPU
		{BB852540-9036-4BCE-8626-BD8B1EA6B8D8}.Release|Any CPU.ActiveCfg = Release|Any CPU
		{BB852540-9036-4BCE-8626-BD8B1EA6B8D8}.Release|Any CPU.Build.0 = Release|Any CPU
		{BB852540-9036-4BCE-8626-BD8B1EA6B8D8}.Release|x64.ActiveCfg = Release|Any CPU
		{BB852540-9036-4BCE-8626-BD8B1EA6B8D8}.Release|x64.Build.0 = Release|Any CPU
		{BB852540-9036-4BCE-8626-BD8B1EA6B8D8}.Release|x86.ActiveCfg = Release|x86
		{BB852540-9036-4BCE-8626-BD8B1EA6B8D8}.Release|x86.Build.0 = Release|x86
		{BB852540-9036-4BCE-8626-BD8B1EA6B8D8}.Release-MemoryOnly|Any CPU.ActiveCfg = Release|Any CPU
		{BB852540-9036-4BCE-8626-BD8B1EA6B8D8}.Release-MemoryOnly|Any CPU.Build.0 = Release|Any CPU
		{BB852540-9036-4BCE-8626-BD8B1EA6B8D8}.Release-MemoryOnly|x64.ActiveCfg = Release|Any CPU
		{BB852540-9036-4BCE-8626-BD8B1EA6B8D8}.Release-MemoryOnly|x64.Build.0 = Release|Any CPU
		{BB852540-9036-4BCE-8626-BD8B1EA6B8D8}.Release-MemoryOnly|x86.ActiveCfg = Release|Any CPU
		{BB852540-9036-4BCE-8626-BD8B1EA6B8D8}.Release-MemoryOnly|x86.Build.0 = Release|Any CPU
		{BB852540-9036-4BCE-8626-BD8B1EA6B8D8}.Release-Single|Any CPU.ActiveCfg = Release|Any CPU
		{BB852540-9036-4BCE-8626-BD8B1EA6B8D8}.Release-Single|Any CPU.Build.0 = Release|Any CPU
		{BB852540-9036-4BCE-8626-BD8B1EA6B8D8}.Release-Single|x64.ActiveCfg = Release|Any CPU
		{BB852540-9036-4BCE-8626-BD8B1EA6B8D8}.Release-Single|x64.Build.0 = Release|Any CPU
		{BB852540-9036-4BCE-8626-BD8B1EA6B8D8}.Release-Single|x86.ActiveCfg = Release|Any CPU
		{BB852540-9036-4BCE-8626-BD8B1EA6B8D8}.Release-Single|x86.Build.0 = Release|Any CPU
		{BD8C5C66-F2C7-4E58-8460-C2E26D831A1A}.CoreDebug|Any CPU.ActiveCfg = CoreDebug|Any CPU
		{BD8C5C66-F2C7-4E58-8460-C2E26D831A1A}.CoreDebug|Any CPU.Build.0 = CoreDebug|Any CPU
		{BD8C5C66-F2C7-4E58-8460-C2E26D831A1A}.CoreDebug|x64.ActiveCfg = CoreDebug|x64
		{BD8C5C66-F2C7-4E58-8460-C2E26D831A1A}.CoreDebug|x64.Build.0 = CoreDebug|x64
		{BD8C5C66-F2C7-4E58-8460-C2E26D831A1A}.CoreDebug|x86.ActiveCfg = CoreDebug|x86
		{BD8C5C66-F2C7-4E58-8460-C2E26D831A1A}.CoreDebug|x86.Build.0 = CoreDebug|x86
		{BD8C5C66-F2C7-4E58-8460-C2E26D831A1A}.CoreRelease|Any CPU.ActiveCfg = CoreRelease|Any CPU
		{BD8C5C66-F2C7-4E58-8460-C2E26D831A1A}.CoreRelease|Any CPU.Build.0 = CoreRelease|Any CPU
		{BD8C5C66-F2C7-4E58-8460-C2E26D831A1A}.CoreRelease|x64.ActiveCfg = Debug|x64
		{BD8C5C66-F2C7-4E58-8460-C2E26D831A1A}.CoreRelease|x64.Build.0 = Debug|x64
		{BD8C5C66-F2C7-4E58-8460-C2E26D831A1A}.CoreRelease|x86.ActiveCfg = CoreRelease|x86
		{BD8C5C66-F2C7-4E58-8460-C2E26D831A1A}.CoreRelease|x86.Build.0 = CoreRelease|x86
		{BD8C5C66-F2C7-4E58-8460-C2E26D831A1A}.Debug|Any CPU.ActiveCfg = Debug|Any CPU
		{BD8C5C66-F2C7-4E58-8460-C2E26D831A1A}.Debug|Any CPU.Build.0 = Debug|Any CPU
		{BD8C5C66-F2C7-4E58-8460-C2E26D831A1A}.Debug|x64.ActiveCfg = Debug|x64
		{BD8C5C66-F2C7-4E58-8460-C2E26D831A1A}.Debug|x64.Build.0 = Debug|x64
		{BD8C5C66-F2C7-4E58-8460-C2E26D831A1A}.Debug|x86.ActiveCfg = Debug|x86
		{BD8C5C66-F2C7-4E58-8460-C2E26D831A1A}.Debug|x86.Build.0 = Debug|x86
		{BD8C5C66-F2C7-4E58-8460-C2E26D831A1A}.Debug-MemoryOnly|Any CPU.ActiveCfg = Debug|Any CPU
		{BD8C5C66-F2C7-4E58-8460-C2E26D831A1A}.Debug-MemoryOnly|Any CPU.Build.0 = Debug|Any CPU
		{BD8C5C66-F2C7-4E58-8460-C2E26D831A1A}.Debug-MemoryOnly|x64.ActiveCfg = Debug|Any CPU
		{BD8C5C66-F2C7-4E58-8460-C2E26D831A1A}.Debug-MemoryOnly|x64.Build.0 = Debug|Any CPU
		{BD8C5C66-F2C7-4E58-8460-C2E26D831A1A}.Debug-MemoryOnly|x86.ActiveCfg = Debug|Any CPU
		{BD8C5C66-F2C7-4E58-8460-C2E26D831A1A}.Debug-MemoryOnly|x86.Build.0 = Debug|Any CPU
		{BD8C5C66-F2C7-4E58-8460-C2E26D831A1A}.Debug-Single|Any CPU.ActiveCfg = Debug|Any CPU
		{BD8C5C66-F2C7-4E58-8460-C2E26D831A1A}.Debug-Single|Any CPU.Build.0 = Debug|Any CPU
		{BD8C5C66-F2C7-4E58-8460-C2E26D831A1A}.Debug-Single|x64.ActiveCfg = Debug|Any CPU
		{BD8C5C66-F2C7-4E58-8460-C2E26D831A1A}.Debug-Single|x64.Build.0 = Debug|Any CPU
		{BD8C5C66-F2C7-4E58-8460-C2E26D831A1A}.Debug-Single|x86.ActiveCfg = Debug|Any CPU
		{BD8C5C66-F2C7-4E58-8460-C2E26D831A1A}.Debug-Single|x86.Build.0 = Debug|Any CPU
		{BD8C5C66-F2C7-4E58-8460-C2E26D831A1A}.Release|Any CPU.ActiveCfg = Release|Any CPU
		{BD8C5C66-F2C7-4E58-8460-C2E26D831A1A}.Release|Any CPU.Build.0 = Release|Any CPU
		{BD8C5C66-F2C7-4E58-8460-C2E26D831A1A}.Release|x64.ActiveCfg = Release|x64
		{BD8C5C66-F2C7-4E58-8460-C2E26D831A1A}.Release|x64.Build.0 = Release|x64
		{BD8C5C66-F2C7-4E58-8460-C2E26D831A1A}.Release|x86.ActiveCfg = Release|x86
		{BD8C5C66-F2C7-4E58-8460-C2E26D831A1A}.Release|x86.Build.0 = Release|x86
		{BD8C5C66-F2C7-4E58-8460-C2E26D831A1A}.Release-MemoryOnly|Any CPU.ActiveCfg = Release|Any CPU
		{BD8C5C66-F2C7-4E58-8460-C2E26D831A1A}.Release-MemoryOnly|Any CPU.Build.0 = Release|Any CPU
		{BD8C5C66-F2C7-4E58-8460-C2E26D831A1A}.Release-MemoryOnly|x64.ActiveCfg = Release|Any CPU
		{BD8C5C66-F2C7-4E58-8460-C2E26D831A1A}.Release-MemoryOnly|x64.Build.0 = Release|Any CPU
		{BD8C5C66-F2C7-4E58-8460-C2E26D831A1A}.Release-MemoryOnly|x86.ActiveCfg = Release|Any CPU
		{BD8C5C66-F2C7-4E58-8460-C2E26D831A1A}.Release-MemoryOnly|x86.Build.0 = Release|Any CPU
		{BD8C5C66-F2C7-4E58-8460-C2E26D831A1A}.Release-Single|Any CPU.ActiveCfg = Release|Any CPU
		{BD8C5C66-F2C7-4E58-8460-C2E26D831A1A}.Release-Single|Any CPU.Build.0 = Release|Any CPU
		{BD8C5C66-F2C7-4E58-8460-C2E26D831A1A}.Release-Single|x64.ActiveCfg = Release|Any CPU
		{BD8C5C66-F2C7-4E58-8460-C2E26D831A1A}.Release-Single|x64.Build.0 = Release|Any CPU
		{BD8C5C66-F2C7-4E58-8460-C2E26D831A1A}.Release-Single|x86.ActiveCfg = Release|Any CPU
		{BD8C5C66-F2C7-4E58-8460-C2E26D831A1A}.Release-Single|x86.Build.0 = Release|Any CPU
		{3D1CB337-4804-4133-8F68-06B955586251}.CoreDebug|Any CPU.ActiveCfg = CoreDebug|Any CPU
		{3D1CB337-4804-4133-8F68-06B955586251}.CoreDebug|Any CPU.Build.0 = CoreDebug|Any CPU
		{3D1CB337-4804-4133-8F68-06B955586251}.CoreDebug|x64.ActiveCfg = CoreDebug|Any CPU
		{3D1CB337-4804-4133-8F68-06B955586251}.CoreDebug|x64.Build.0 = CoreDebug|Any CPU
		{3D1CB337-4804-4133-8F68-06B955586251}.CoreDebug|x86.ActiveCfg = CoreDebug|Any CPU
		{3D1CB337-4804-4133-8F68-06B955586251}.CoreDebug|x86.Build.0 = CoreDebug|Any CPU
		{3D1CB337-4804-4133-8F68-06B955586251}.CoreRelease|Any CPU.ActiveCfg = CoreRelease|Any CPU
		{3D1CB337-4804-4133-8F68-06B955586251}.CoreRelease|Any CPU.Build.0 = CoreRelease|Any CPU
		{3D1CB337-4804-4133-8F68-06B955586251}.CoreRelease|x64.ActiveCfg = Debug|Any CPU
		{3D1CB337-4804-4133-8F68-06B955586251}.CoreRelease|x64.Build.0 = Debug|Any CPU
		{3D1CB337-4804-4133-8F68-06B955586251}.CoreRelease|x86.ActiveCfg = CoreRelease|Any CPU
		{3D1CB337-4804-4133-8F68-06B955586251}.CoreRelease|x86.Build.0 = CoreRelease|Any CPU
		{3D1CB337-4804-4133-8F68-06B955586251}.Debug|Any CPU.ActiveCfg = Debug|Any CPU
		{3D1CB337-4804-4133-8F68-06B955586251}.Debug|Any CPU.Build.0 = Debug|Any CPU
		{3D1CB337-4804-4133-8F68-06B955586251}.Debug|x64.ActiveCfg = Debug|Any CPU
		{3D1CB337-4804-4133-8F68-06B955586251}.Debug|x64.Build.0 = Debug|Any CPU
		{3D1CB337-4804-4133-8F68-06B955586251}.Debug|x86.ActiveCfg = Debug|x86
		{3D1CB337-4804-4133-8F68-06B955586251}.Debug|x86.Build.0 = Debug|x86
		{3D1CB337-4804-4133-8F68-06B955586251}.Debug-MemoryOnly|Any CPU.ActiveCfg = Debug|Any CPU
		{3D1CB337-4804-4133-8F68-06B955586251}.Debug-MemoryOnly|Any CPU.Build.0 = Debug|Any CPU
		{3D1CB337-4804-4133-8F68-06B955586251}.Debug-MemoryOnly|x64.ActiveCfg = Debug|Any CPU
		{3D1CB337-4804-4133-8F68-06B955586251}.Debug-MemoryOnly|x64.Build.0 = Debug|Any CPU
		{3D1CB337-4804-4133-8F68-06B955586251}.Debug-MemoryOnly|x86.ActiveCfg = Debug|Any CPU
		{3D1CB337-4804-4133-8F68-06B955586251}.Debug-MemoryOnly|x86.Build.0 = Debug|Any CPU
		{3D1CB337-4804-4133-8F68-06B955586251}.Debug-Single|Any CPU.ActiveCfg = Debug|Any CPU
		{3D1CB337-4804-4133-8F68-06B955586251}.Debug-Single|Any CPU.Build.0 = Debug|Any CPU
		{3D1CB337-4804-4133-8F68-06B955586251}.Debug-Single|x64.ActiveCfg = Debug|Any CPU
		{3D1CB337-4804-4133-8F68-06B955586251}.Debug-Single|x64.Build.0 = Debug|Any CPU
		{3D1CB337-4804-4133-8F68-06B955586251}.Debug-Single|x86.ActiveCfg = Debug|Any CPU
		{3D1CB337-4804-4133-8F68-06B955586251}.Debug-Single|x86.Build.0 = Debug|Any CPU
		{3D1CB337-4804-4133-8F68-06B955586251}.Release|Any CPU.ActiveCfg = Release|Any CPU
		{3D1CB337-4804-4133-8F68-06B955586251}.Release|Any CPU.Build.0 = Release|Any CPU
		{3D1CB337-4804-4133-8F68-06B955586251}.Release|x64.ActiveCfg = Release|Any CPU
		{3D1CB337-4804-4133-8F68-06B955586251}.Release|x64.Build.0 = Release|Any CPU
		{3D1CB337-4804-4133-8F68-06B955586251}.Release|x86.ActiveCfg = Release|x86
		{3D1CB337-4804-4133-8F68-06B955586251}.Release|x86.Build.0 = Release|x86
		{3D1CB337-4804-4133-8F68-06B955586251}.Release-MemoryOnly|Any CPU.ActiveCfg = Release|Any CPU
		{3D1CB337-4804-4133-8F68-06B955586251}.Release-MemoryOnly|Any CPU.Build.0 = Release|Any CPU
		{3D1CB337-4804-4133-8F68-06B955586251}.Release-MemoryOnly|x64.ActiveCfg = Release|Any CPU
		{3D1CB337-4804-4133-8F68-06B955586251}.Release-MemoryOnly|x64.Build.0 = Release|Any CPU
		{3D1CB337-4804-4133-8F68-06B955586251}.Release-MemoryOnly|x86.ActiveCfg = Release|Any CPU
		{3D1CB337-4804-4133-8F68-06B955586251}.Release-MemoryOnly|x86.Build.0 = Release|Any CPU
		{3D1CB337-4804-4133-8F68-06B955586251}.Release-Single|Any CPU.ActiveCfg = Release|Any CPU
		{3D1CB337-4804-4133-8F68-06B955586251}.Release-Single|Any CPU.Build.0 = Release|Any CPU
		{3D1CB337-4804-4133-8F68-06B955586251}.Release-Single|x64.ActiveCfg = Release|Any CPU
		{3D1CB337-4804-4133-8F68-06B955586251}.Release-Single|x64.Build.0 = Release|Any CPU
		{3D1CB337-4804-4133-8F68-06B955586251}.Release-Single|x86.ActiveCfg = Release|Any CPU
		{3D1CB337-4804-4133-8F68-06B955586251}.Release-Single|x86.Build.0 = Release|Any CPU
		{9B2BBB1B-6781-4A98-97E1-BA0C0E7CB9E5}.CoreDebug|Any CPU.ActiveCfg = CoreDebug|Any CPU
		{9B2BBB1B-6781-4A98-97E1-BA0C0E7CB9E5}.CoreDebug|Any CPU.Build.0 = CoreDebug|Any CPU
		{9B2BBB1B-6781-4A98-97E1-BA0C0E7CB9E5}.CoreDebug|x64.ActiveCfg = CoreDebug|x64
		{9B2BBB1B-6781-4A98-97E1-BA0C0E7CB9E5}.CoreDebug|x64.Build.0 = CoreDebug|x64
		{9B2BBB1B-6781-4A98-97E1-BA0C0E7CB9E5}.CoreDebug|x86.ActiveCfg = CoreDebug|x86
		{9B2BBB1B-6781-4A98-97E1-BA0C0E7CB9E5}.CoreDebug|x86.Build.0 = CoreDebug|x86
		{9B2BBB1B-6781-4A98-97E1-BA0C0E7CB9E5}.CoreRelease|Any CPU.ActiveCfg = CoreRelease|Any CPU
		{9B2BBB1B-6781-4A98-97E1-BA0C0E7CB9E5}.CoreRelease|Any CPU.Build.0 = CoreRelease|Any CPU
		{9B2BBB1B-6781-4A98-97E1-BA0C0E7CB9E5}.CoreRelease|x64.ActiveCfg = Debug|x64
		{9B2BBB1B-6781-4A98-97E1-BA0C0E7CB9E5}.CoreRelease|x64.Build.0 = Debug|x64
		{9B2BBB1B-6781-4A98-97E1-BA0C0E7CB9E5}.CoreRelease|x86.ActiveCfg = CoreRelease|x86
		{9B2BBB1B-6781-4A98-97E1-BA0C0E7CB9E5}.CoreRelease|x86.Build.0 = CoreRelease|x86
		{9B2BBB1B-6781-4A98-97E1-BA0C0E7CB9E5}.Debug|Any CPU.ActiveCfg = Debug|Any CPU
		{9B2BBB1B-6781-4A98-97E1-BA0C0E7CB9E5}.Debug|Any CPU.Build.0 = Debug|Any CPU
		{9B2BBB1B-6781-4A98-97E1-BA0C0E7CB9E5}.Debug|x64.ActiveCfg = Debug|x64
		{9B2BBB1B-6781-4A98-97E1-BA0C0E7CB9E5}.Debug|x64.Build.0 = Debug|x64
		{9B2BBB1B-6781-4A98-97E1-BA0C0E7CB9E5}.Debug|x86.ActiveCfg = Debug|x86
		{9B2BBB1B-6781-4A98-97E1-BA0C0E7CB9E5}.Debug|x86.Build.0 = Debug|x86
		{9B2BBB1B-6781-4A98-97E1-BA0C0E7CB9E5}.Debug-MemoryOnly|Any CPU.ActiveCfg = Debug|Any CPU
		{9B2BBB1B-6781-4A98-97E1-BA0C0E7CB9E5}.Debug-MemoryOnly|Any CPU.Build.0 = Debug|Any CPU
		{9B2BBB1B-6781-4A98-97E1-BA0C0E7CB9E5}.Debug-MemoryOnly|x64.ActiveCfg = Debug|x64
		{9B2BBB1B-6781-4A98-97E1-BA0C0E7CB9E5}.Debug-MemoryOnly|x64.Build.0 = Debug|x64
		{9B2BBB1B-6781-4A98-97E1-BA0C0E7CB9E5}.Debug-MemoryOnly|x86.ActiveCfg = Debug|x86
		{9B2BBB1B-6781-4A98-97E1-BA0C0E7CB9E5}.Debug-MemoryOnly|x86.Build.0 = Debug|x86
		{9B2BBB1B-6781-4A98-97E1-BA0C0E7CB9E5}.Debug-Single|Any CPU.ActiveCfg = Debug|Any CPU
		{9B2BBB1B-6781-4A98-97E1-BA0C0E7CB9E5}.Debug-Single|Any CPU.Build.0 = Debug|Any CPU
		{9B2BBB1B-6781-4A98-97E1-BA0C0E7CB9E5}.Debug-Single|x64.ActiveCfg = Debug|x64
		{9B2BBB1B-6781-4A98-97E1-BA0C0E7CB9E5}.Debug-Single|x64.Build.0 = Debug|x64
		{9B2BBB1B-6781-4A98-97E1-BA0C0E7CB9E5}.Debug-Single|x86.ActiveCfg = Debug|x86
		{9B2BBB1B-6781-4A98-97E1-BA0C0E7CB9E5}.Debug-Single|x86.Build.0 = Debug|x86
		{9B2BBB1B-6781-4A98-97E1-BA0C0E7CB9E5}.Release|Any CPU.ActiveCfg = Release|Any CPU
		{9B2BBB1B-6781-4A98-97E1-BA0C0E7CB9E5}.Release|Any CPU.Build.0 = Release|Any CPU
		{9B2BBB1B-6781-4A98-97E1-BA0C0E7CB9E5}.Release|x64.ActiveCfg = Release|x64
		{9B2BBB1B-6781-4A98-97E1-BA0C0E7CB9E5}.Release|x64.Build.0 = Release|x64
		{9B2BBB1B-6781-4A98-97E1-BA0C0E7CB9E5}.Release|x86.ActiveCfg = Release|x86
		{9B2BBB1B-6781-4A98-97E1-BA0C0E7CB9E5}.Release|x86.Build.0 = Release|x86
		{9B2BBB1B-6781-4A98-97E1-BA0C0E7CB9E5}.Release-MemoryOnly|Any CPU.ActiveCfg = Release|Any CPU
		{9B2BBB1B-6781-4A98-97E1-BA0C0E7CB9E5}.Release-MemoryOnly|Any CPU.Build.0 = Release|Any CPU
		{9B2BBB1B-6781-4A98-97E1-BA0C0E7CB9E5}.Release-MemoryOnly|x64.ActiveCfg = Release|x64
		{9B2BBB1B-6781-4A98-97E1-BA0C0E7CB9E5}.Release-MemoryOnly|x64.Build.0 = Release|x64
		{9B2BBB1B-6781-4A98-97E1-BA0C0E7CB9E5}.Release-MemoryOnly|x86.ActiveCfg = Release|x86
		{9B2BBB1B-6781-4A98-97E1-BA0C0E7CB9E5}.Release-MemoryOnly|x86.Build.0 = Release|x86
		{9B2BBB1B-6781-4A98-97E1-BA0C0E7CB9E5}.Release-Single|Any CPU.ActiveCfg = Release|Any CPU
		{9B2BBB1B-6781-4A98-97E1-BA0C0E7CB9E5}.Release-Single|Any CPU.Build.0 = Release|Any CPU
		{9B2BBB1B-6781-4A98-97E1-BA0C0E7CB9E5}.Release-Single|x64.ActiveCfg = Release|x64
		{9B2BBB1B-6781-4A98-97E1-BA0C0E7CB9E5}.Release-Single|x64.Build.0 = Release|x64
		{9B2BBB1B-6781-4A98-97E1-BA0C0E7CB9E5}.Release-Single|x86.ActiveCfg = Release|x86
		{9B2BBB1B-6781-4A98-97E1-BA0C0E7CB9E5}.Release-Single|x86.Build.0 = Release|x86
		{8760C35E-87D7-430E-AFFC-45B05486B4DA}.CoreDebug|Any CPU.ActiveCfg = CoreDebug|Any CPU
		{8760C35E-87D7-430E-AFFC-45B05486B4DA}.CoreDebug|Any CPU.Build.0 = CoreDebug|Any CPU
		{8760C35E-87D7-430E-AFFC-45B05486B4DA}.CoreDebug|x64.ActiveCfg = CoreDebug|x64
		{8760C35E-87D7-430E-AFFC-45B05486B4DA}.CoreDebug|x86.ActiveCfg = CoreDebug|x86
		{8760C35E-87D7-430E-AFFC-45B05486B4DA}.CoreDebug|x86.Build.0 = CoreDebug|x86
		{8760C35E-87D7-430E-AFFC-45B05486B4DA}.CoreRelease|Any CPU.ActiveCfg = CoreRelease|Any CPU
		{8760C35E-87D7-430E-AFFC-45B05486B4DA}.CoreRelease|Any CPU.Build.0 = CoreRelease|Any CPU
		{8760C35E-87D7-430E-AFFC-45B05486B4DA}.CoreRelease|x64.ActiveCfg = Debug|x64
		{8760C35E-87D7-430E-AFFC-45B05486B4DA}.CoreRelease|x86.ActiveCfg = CoreRelease|x86
		{8760C35E-87D7-430E-AFFC-45B05486B4DA}.CoreRelease|x86.Build.0 = CoreRelease|x86
		{8760C35E-87D7-430E-AFFC-45B05486B4DA}.Debug|Any CPU.ActiveCfg = Debug|Any CPU
		{8760C35E-87D7-430E-AFFC-45B05486B4DA}.Debug|Any CPU.Build.0 = Debug|Any CPU
		{8760C35E-87D7-430E-AFFC-45B05486B4DA}.Debug|x64.ActiveCfg = Debug|x64
		{8760C35E-87D7-430E-AFFC-45B05486B4DA}.Debug|x64.Build.0 = Debug|x64
		{8760C35E-87D7-430E-AFFC-45B05486B4DA}.Debug|x86.ActiveCfg = Debug|x86
		{8760C35E-87D7-430E-AFFC-45B05486B4DA}.Debug|x86.Build.0 = Debug|x86
		{8760C35E-87D7-430E-AFFC-45B05486B4DA}.Debug-MemoryOnly|Any CPU.ActiveCfg = Debug|Any CPU
		{8760C35E-87D7-430E-AFFC-45B05486B4DA}.Debug-MemoryOnly|Any CPU.Build.0 = Debug|Any CPU
		{8760C35E-87D7-430E-AFFC-45B05486B4DA}.Debug-MemoryOnly|x64.ActiveCfg = Debug|x64
		{8760C35E-87D7-430E-AFFC-45B05486B4DA}.Debug-MemoryOnly|x64.Build.0 = Debug|x64
		{8760C35E-87D7-430E-AFFC-45B05486B4DA}.Debug-MemoryOnly|x86.ActiveCfg = Debug|Any CPU
		{8760C35E-87D7-430E-AFFC-45B05486B4DA}.Debug-MemoryOnly|x86.Build.0 = Debug|Any CPU
		{8760C35E-87D7-430E-AFFC-45B05486B4DA}.Debug-Single|Any CPU.ActiveCfg = Debug|Any CPU
		{8760C35E-87D7-430E-AFFC-45B05486B4DA}.Debug-Single|Any CPU.Build.0 = Debug|Any CPU
		{8760C35E-87D7-430E-AFFC-45B05486B4DA}.Debug-Single|x64.ActiveCfg = Debug|x64
		{8760C35E-87D7-430E-AFFC-45B05486B4DA}.Debug-Single|x64.Build.0 = Debug|x64
		{8760C35E-87D7-430E-AFFC-45B05486B4DA}.Debug-Single|x86.ActiveCfg = Debug|Any CPU
		{8760C35E-87D7-430E-AFFC-45B05486B4DA}.Debug-Single|x86.Build.0 = Debug|Any CPU
		{8760C35E-87D7-430E-AFFC-45B05486B4DA}.Release|Any CPU.ActiveCfg = Release|Any CPU
		{8760C35E-87D7-430E-AFFC-45B05486B4DA}.Release|Any CPU.Build.0 = Release|Any CPU
		{8760C35E-87D7-430E-AFFC-45B05486B4DA}.Release|x64.ActiveCfg = Release|x64
		{8760C35E-87D7-430E-AFFC-45B05486B4DA}.Release|x64.Build.0 = Release|x64
		{8760C35E-87D7-430E-AFFC-45B05486B4DA}.Release|x86.ActiveCfg = Release|x86
		{8760C35E-87D7-430E-AFFC-45B05486B4DA}.Release|x86.Build.0 = Release|x86
		{8760C35E-87D7-430E-AFFC-45B05486B4DA}.Release-MemoryOnly|Any CPU.ActiveCfg = Release|Any CPU
		{8760C35E-87D7-430E-AFFC-45B05486B4DA}.Release-MemoryOnly|Any CPU.Build.0 = Release|Any CPU
		{8760C35E-87D7-430E-AFFC-45B05486B4DA}.Release-MemoryOnly|x64.ActiveCfg = Release|x64
		{8760C35E-87D7-430E-AFFC-45B05486B4DA}.Release-MemoryOnly|x64.Build.0 = Release|x64
		{8760C35E-87D7-430E-AFFC-45B05486B4DA}.Release-MemoryOnly|x86.ActiveCfg = Release|Any CPU
		{8760C35E-87D7-430E-AFFC-45B05486B4DA}.Release-MemoryOnly|x86.Build.0 = Release|Any CPU
		{8760C35E-87D7-430E-AFFC-45B05486B4DA}.Release-Single|Any CPU.ActiveCfg = Release|Any CPU
		{8760C35E-87D7-430E-AFFC-45B05486B4DA}.Release-Single|Any CPU.Build.0 = Release|Any CPU
		{8760C35E-87D7-430E-AFFC-45B05486B4DA}.Release-Single|x64.ActiveCfg = Release|x64
		{8760C35E-87D7-430E-AFFC-45B05486B4DA}.Release-Single|x64.Build.0 = Release|x64
		{8760C35E-87D7-430E-AFFC-45B05486B4DA}.Release-Single|x86.ActiveCfg = Release|Any CPU
		{8760C35E-87D7-430E-AFFC-45B05486B4DA}.Release-Single|x86.Build.0 = Release|Any CPU
	EndGlobalSection
	GlobalSection(SolutionProperties) = preSolution
		HideSolutionNode = FALSE
	EndGlobalSection
	GlobalSection(NestedProjects) = preSolution
		{7B1D2221-1D2B-449B-9D97-BD35A3197CA9} = {E25E834F-2A0B-4AE1-8CF1-C3776D78623A}
		{B085F69E-D9D9-43CD-83BF-DC881A9ED501} = {DD64FD9B-AE2D-45F4-8D73-D2BCC8567A1D}
		{6F6F6622-3207-430F-BA6A-BF16C6CA4885} = {847A249D-9446-49EC-AC4A-FC04310D6179}
		{D3E76B20-B2C1-4F11-9456-3528656E646D} = {847A249D-9446-49EC-AC4A-FC04310D6179}
		{BD8C5C66-F2C7-4E58-8460-C2E26D831A1A} = {847A249D-9446-49EC-AC4A-FC04310D6179}
		{3D1CB337-4804-4133-8F68-06B955586251} = {847A249D-9446-49EC-AC4A-FC04310D6179}
		{9B2BBB1B-6781-4A98-97E1-BA0C0E7CB9E5} = {6F6F6622-3207-430F-BA6A-BF16C6CA4885}
		{8760C35E-87D7-430E-AFFC-45B05486B4DA} = {6F6F6622-3207-430F-BA6A-BF16C6CA4885}
	EndGlobalSection
	GlobalSection(ExtensibilityGlobals) = postSolution
		SolutionGuid = {4AFC134C-E3FD-4BAB-84F6-4324070A413D}
	EndGlobalSection
EndGlobal
